
Microsoft Visual Studio Solution File, Format Version 12.00
# Visual Studio Version 17
VisualStudioVersion = 17.1.32421.90
MinimumVisualStudioVersion = 10.0.40219.1
Project("{9A19103F-16F7-4668-BE54-9A1E7A4F7556}") = "WhatsappBusiness.CloudApi", "WhatsappBusiness.CloudApi\WhatsappBusiness.CloudApi.csproj", "{68F4DB0E-F986-4894-8CA8-51F1C49B79F1}"
EndProject
Project("{FAE04EC0-301F-11D3-BF4B-00C04F79EFBC}") = "WhatsAppBusinessCloudAPI.Web", "Samples\WhatsAppBusinessCloudAPI.Web\WhatsAppBusinessCloudAPI.Web.csproj", "{2EB4D948-49B6-443A-8831-09510073A356}"
EndProject
Global
	GlobalSection(SolutionConfigurationPlatforms) = preSolution
		Debug|Any CPU = Debug|Any CPU
		Release|Any CPU = Release|Any CPU
	EndGlobalSection
	GlobalSection(ProjectConfigurationPlatforms) = postSolution
		{68F4DB0E-F986-4894-8CA8-51F1C49B79F1}.Debug|Any CPU.ActiveCfg = Debug|Any CPU
		{68F4DB0E-F986-4894-8CA8-51F1C49B79F1}.Debug|Any CPU.Build.0 = Debug|Any CPU
		{68F4DB0E-F986-4894-8CA8-51F1C49B79F1}.Release|Any CPU.ActiveCfg = Release|Any CPU
		{68F4DB0E-F986-4894-8CA8-51F1C49B79F1}.Release|Any CPU.Build.0 = Release|Any CPU
		{2EB4D948-49B6-443A-8831-09510073A356}.Debug|Any CPU.ActiveCfg = Debug|Any CPU
		{2EB4D948-49B6-443A-8831-09510073A356}.Debug|Any CPU.Build.0 = Debug|Any CPU
		{2EB4D948-49B6-443A-8831-09510073A356}.Release|Any CPU.ActiveCfg = Release|Any CPU
		{2EB4D948-49B6-443A-8831-09510073A356}.Release|Any CPU.Build.0 = Release|Any CPU
	EndGlobalSection
	GlobalSection(SolutionProperties) = preSolution
		HideSolutionNode = FALSE
	EndGlobalSection
	GlobalSection(ExtensibilityGlobals) = postSolution
		SolutionGuid = {86BA338B-D2BF-42DF-8B9C-F09ACC644B8C}
	EndGlobalSection
EndGlobal
