
Microsoft Visual Studio Solution File, Format Version 12.00
# Visual Studio Version 17
VisualStudioVersion = 17.1.32421.90
MinimumVisualStudioVersion = 10.0.40219.1
Project("{9A19103F-16F7-4668-BE54-9A1E7A4F7556}") = "WhatsappBusiness.CloudApi", "WhatsappBusiness.CloudApi\WhatsappBusiness.CloudApi.csproj", "{68F4DB0E-F986-4894-8CA8-51F1C49B79F1}"
EndProject
Project("{FAE04EC0-301F-11D3-BF4B-00C04F79EFBC}") = "WhatsAppBusinessCloudAPI.Web", "Samples\WhatsAppBusinessCloudAPI.Web\WhatsAppBusinessCloudAPI.Web.csproj", "{2EB4D948-49B6-443A-8831-09510073A356}"
EndProject
Project("{FAE04EC0-301F-11D3-BF4B-00C04F79EFBC}") = "WhatsappBusiness.CloudApi.Tests", "WhatsappBusiness.CloudApi.Tests\WhatsappBusiness.CloudApi.Tests.csproj", "{C984A43C-0D95-4EB7-9CBD-458D0D3087F1}"
EndProject
Project("{FAE04EC0-301F-11D3-BF4B-00C04F79EFBC}") = "WhatsappBusiness.CloudApi.NetFramework", "WhatsappBusiness.CloudApi.NetFramework\WhatsappBusiness.CloudApi.NetFramework.csproj", "{F8A3C4E5-2D7B-4B8C-9E6F-1A2B3C4D5E6F}"
EndProject
Project("{FAE04EC0-301F-11D3-BF4B-00C04F79EFBC}") = "WhatsappBusiness.CloudApi.NetFramework.Tests", "WhatsappBusiness.CloudApi.NetFramework.Tests\WhatsappBusiness.CloudApi.NetFramework.Tests.csproj", "{F035FB07-D56F-C280-0C8D-4ACFCB58351D}"
EndProject
Global
	GlobalSection(SolutionConfigurationPlatforms) = preSolution
		Debug|Any CPU = Debug|Any CPU
		Debug|x64 = Debug|x64
		Debug|x86 = Debug|x86
		Release|Any CPU = Release|Any CPU
		Release|x64 = Release|x64
		Release|x86 = Release|x86
	EndGlobalSection
	GlobalSection(ProjectConfigurationPlatforms) = postSolution
		{68F4DB0E-F986-4894-8CA8-51F1C49B79F1}.Debug|Any CPU.ActiveCfg = Debug|Any CPU
		{68F4DB0E-F986-4894-8CA8-51F1C49B79F1}.Debug|Any CPU.Build.0 = Debug|Any CPU
		{68F4DB0E-F986-4894-8CA8-51F1C49B79F1}.Debug|x64.ActiveCfg = Debug|Any CPU
		{68F4DB0E-F986-4894-8CA8-51F1C49B79F1}.Debug|x64.Build.0 = Debug|Any CPU
		{68F4DB0E-F986-4894-8CA8-51F1C49B79F1}.Debug|x86.ActiveCfg = Debug|Any CPU
		{68F4DB0E-F986-4894-8CA8-51F1C49B79F1}.Debug|x86.Build.0 = Debug|Any CPU
		{68F4DB0E-F986-4894-8CA8-51F1C49B79F1}.Release|Any CPU.ActiveCfg = Release|Any CPU
		{68F4DB0E-F986-4894-8CA8-51F1C49B79F1}.Release|Any CPU.Build.0 = Release|Any CPU
		{68F4DB0E-F986-4894-8CA8-51F1C49B79F1}.Release|x64.ActiveCfg = Release|Any CPU
		{68F4DB0E-F986-4894-8CA8-51F1C49B79F1}.Release|x64.Build.0 = Release|Any CPU
		{68F4DB0E-F986-4894-8CA8-51F1C49B79F1}.Release|x86.ActiveCfg = Release|Any CPU
		{68F4DB0E-F986-4894-8CA8-51F1C49B79F1}.Release|x86.Build.0 = Release|Any CPU
		{2EB4D948-49B6-443A-8831-09510073A356}.Debug|Any CPU.ActiveCfg = Debug|Any CPU
		{2EB4D948-49B6-443A-8831-09510073A356}.Debug|Any CPU.Build.0 = Debug|Any CPU
		{2EB4D948-49B6-443A-8831-09510073A356}.Debug|x64.ActiveCfg = Debug|Any CPU
		{2EB4D948-49B6-443A-8831-09510073A356}.Debug|x64.Build.0 = Debug|Any CPU
		{2EB4D948-49B6-443A-8831-09510073A356}.Debug|x86.ActiveCfg = Debug|Any CPU
		{2EB4D948-49B6-443A-8831-09510073A356}.Debug|x86.Build.0 = Debug|Any CPU
		{2EB4D948-49B6-443A-8831-09510073A356}.Release|Any CPU.ActiveCfg = Release|Any CPU
		{2EB4D948-49B6-443A-8831-09510073A356}.Release|Any CPU.Build.0 = Release|Any CPU
		{2EB4D948-49B6-443A-8831-09510073A356}.Release|x64.ActiveCfg = Release|Any CPU
		{2EB4D948-49B6-443A-8831-09510073A356}.Release|x64.Build.0 = Release|Any CPU
		{2EB4D948-49B6-443A-8831-09510073A356}.Release|x86.ActiveCfg = Release|Any CPU
		{2EB4D948-49B6-443A-8831-09510073A356}.Release|x86.Build.0 = Release|Any CPU
		{C984A43C-0D95-4EB7-9CBD-458D0D3087F1}.Debug|Any CPU.ActiveCfg = Debug|Any CPU
		{C984A43C-0D95-4EB7-9CBD-458D0D3087F1}.Debug|Any CPU.Build.0 = Debug|Any CPU
		{C984A43C-0D95-4EB7-9CBD-458D0D3087F1}.Debug|x64.ActiveCfg = Debug|Any CPU
		{C984A43C-0D95-4EB7-9CBD-458D0D3087F1}.Debug|x64.Build.0 = Debug|Any CPU
		{C984A43C-0D95-4EB7-9CBD-458D0D3087F1}.Debug|x86.ActiveCfg = Debug|Any CPU
		{C984A43C-0D95-4EB7-9CBD-458D0D3087F1}.Debug|x86.Build.0 = Debug|Any CPU
		{C984A43C-0D95-4EB7-9CBD-458D0D3087F1}.Release|Any CPU.ActiveCfg = Release|Any CPU
		{C984A43C-0D95-4EB7-9CBD-458D0D3087F1}.Release|Any CPU.Build.0 = Release|Any CPU
		{C984A43C-0D95-4EB7-9CBD-458D0D3087F1}.Release|x64.ActiveCfg = Release|Any CPU
		{C984A43C-0D95-4EB7-9CBD-458D0D3087F1}.Release|x64.Build.0 = Release|Any CPU
		{C984A43C-0D95-4EB7-9CBD-458D0D3087F1}.Release|x86.ActiveCfg = Release|Any CPU
		{C984A43C-0D95-4EB7-9CBD-458D0D3087F1}.Release|x86.Build.0 = Release|Any CPU
		{F8A3C4E5-2D7B-4B8C-9E6F-1A2B3C4D5E6F}.Debug|Any CPU.ActiveCfg = Debug|Any CPU
		{F8A3C4E5-2D7B-4B8C-9E6F-1A2B3C4D5E6F}.Debug|Any CPU.Build.0 = Debug|Any CPU
		{F8A3C4E5-2D7B-4B8C-9E6F-1A2B3C4D5E6F}.Debug|x64.ActiveCfg = Debug|Any CPU
		{F8A3C4E5-2D7B-4B8C-9E6F-1A2B3C4D5E6F}.Debug|x64.Build.0 = Debug|Any CPU
		{F8A3C4E5-2D7B-4B8C-9E6F-1A2B3C4D5E6F}.Debug|x86.ActiveCfg = Debug|Any CPU
		{F8A3C4E5-2D7B-4B8C-9E6F-1A2B3C4D5E6F}.Debug|x86.Build.0 = Debug|Any CPU
		{F8A3C4E5-2D7B-4B8C-9E6F-1A2B3C4D5E6F}.Release|Any CPU.ActiveCfg = Release|Any CPU
		{F8A3C4E5-2D7B-4B8C-9E6F-1A2B3C4D5E6F}.Release|Any CPU.Build.0 = Release|Any CPU
		{F8A3C4E5-2D7B-4B8C-9E6F-1A2B3C4D5E6F}.Release|x64.ActiveCfg = Release|Any CPU
		{F8A3C4E5-2D7B-4B8C-9E6F-1A2B3C4D5E6F}.Release|x64.Build.0 = Release|Any CPU
		{F8A3C4E5-2D7B-4B8C-9E6F-1A2B3C4D5E6F}.Release|x86.ActiveCfg = Release|Any CPU
		{F8A3C4E5-2D7B-4B8C-9E6F-1A2B3C4D5E6F}.Release|x86.Build.0 = Release|Any CPU
		{F035FB07-D56F-C280-0C8D-4ACFCB58351D}.Debug|Any CPU.ActiveCfg = Debug|Any CPU
		{F035FB07-D56F-C280-0C8D-4ACFCB58351D}.Debug|Any CPU.Build.0 = Debug|Any CPU
		{F035FB07-D56F-C280-0C8D-4ACFCB58351D}.Debug|x64.ActiveCfg = Debug|Any CPU
		{F035FB07-D56F-C280-0C8D-4ACFCB58351D}.Debug|x64.Build.0 = Debug|Any CPU
		{F035FB07-D56F-C280-0C8D-4ACFCB58351D}.Debug|x86.ActiveCfg = Debug|Any CPU
		{F035FB07-D56F-C280-0C8D-4ACFCB58351D}.Debug|x86.Build.0 = Debug|Any CPU
		{F035FB07-D56F-C280-0C8D-4ACFCB58351D}.Release|Any CPU.ActiveCfg = Release|Any CPU
		{F035FB07-D56F-C280-0C8D-4ACFCB58351D}.Release|Any CPU.Build.0 = Release|Any CPU
		{F035FB07-D56F-C280-0C8D-4ACFCB58351D}.Release|x64.ActiveCfg = Release|Any CPU
		{F035FB07-D56F-C280-0C8D-4ACFCB58351D}.Release|x64.Build.0 = Release|Any CPU
		{F035FB07-D56F-C280-0C8D-4ACFCB58351D}.Release|x86.ActiveCfg = Release|Any CPU
		{F035FB07-D56F-C280-0C8D-4ACFCB58351D}.Release|x86.Build.0 = Release|Any CPU
	EndGlobalSection
	GlobalSection(SolutionProperties) = preSolution
		HideSolutionNode = FALSE
	EndGlobalSection
	GlobalSection(ExtensibilityGlobals) = postSolution
		SolutionGuid = {86BA338B-D2BF-42DF-8B9C-F09ACC644B8C}
	EndGlobalSection
EndGlobal
